{
  "name": "smart-memory",
  "version": "3.1.0-experimental",
  "lockfileVersion": 3,
  "requires": true,
  "packages": {
    "": {
      "name": "smart-memory",
      "version": "3.1.0-experimental",
      "hasInstallScript": true,
      "engines": {
        "node": ">=18.0.0"
      }
    }
  }
}
